
Microsoft Visual Studio Solution File, Format Version 12.00
# Visual Studio Version 17
VisualStudioVersion = 17.0.31903.59
MinimumVisualStudioVersion = 10.0.40219.1
Project("{9A19103F-16F7-4668-BE54-9A1E7A4F7556}") = "VoiceAcademyGateWay", "VoiceAcademyGateWay\VoiceAcademyGateWay.csproj", "{C5D83245-9AEF-469E-8549-4D3FC39AA692}"
EndProject
Project("{9A19103F-16F7-4668-BE54-9A1E7A4F7556}") = "VoiceAcademyAPILogin", "VoiceAcademyAPILogin\VoiceAcademyAPILogin.csproj", "{AF4A2CB9-7190-470C-AA8F-D2AF9BD46723}"
EndProject
Project("{9A19103F-16F7-4668-BE54-9A1E7A4F7556}") = "TestProject", "TestProject\TestProject.csproj", "{B988CB0E-4B26-4FD5-A6F1-B988BD464479}"
EndProject
Project("{9A19103F-16F7-4668-BE54-9A1E7A4F7556}") = "VoiceAcademyAPIGeneral", "VoiceAcademyAPIGeneral\VoiceAcademyAPIGeneral.csproj", "{16D38378-D364-412A-8059-DE5A7709BC2F}"
EndProject
Project("{2150E333-8FDC-42A3-9474-1A3956D46DE8}") = "Proto", "Proto", "{E131C928-6AB9-42C2-950B-F267CBF2630B}"
	ProjectSection(SolutionItems) = preProject
		HolaMundo.proto = HolaMundo.proto
		SendVerificationCode.proto = SendVerificationCode.proto
	EndProjectSection
EndProject
Project("{9A19103F-16F7-4668-BE54-9A1E7A4F7556}") = "Client", "ClientConsole\Client.csproj", "{9FB9A968-46BD-4AD5-BEC9-96B204369A80}"
EndProject
Project("{9A19103F-16F7-4668-BE54-9A1E7A4F7556}") = "Server", "Server\Server.csproj", "{A065C78B-23A1-41A3-AE84-DD2637088522}"
EndProject
Global
	GlobalSection(SolutionConfigurationPlatforms) = preSolution
		Debug|Any CPU = Debug|Any CPU
		Release|Any CPU = Release|Any CPU
	EndGlobalSection
	GlobalSection(ProjectConfigurationPlatforms) = postSolution
		{C5D83245-9AEF-469E-8549-4D3FC39AA692}.Debug|Any CPU.ActiveCfg = Debug|Any CPU
		{C5D83245-9AEF-469E-8549-4D3FC39AA692}.Debug|Any CPU.Build.0 = Debug|Any CPU
		{C5D83245-9AEF-469E-8549-4D3FC39AA692}.Release|Any CPU.ActiveCfg = Release|Any CPU
		{C5D83245-9AEF-469E-8549-4D3FC39AA692}.Release|Any CPU.Build.0 = Release|Any CPU
		{AF4A2CB9-7190-470C-AA8F-D2AF9BD46723}.Debug|Any CPU.ActiveCfg = Debug|Any CPU
		{AF4A2CB9-7190-470C-AA8F-D2AF9BD46723}.Debug|Any CPU.Build.0 = Debug|Any CPU
		{AF4A2CB9-7190-470C-AA8F-D2AF9BD46723}.Release|Any CPU.ActiveCfg = Release|Any CPU
		{AF4A2CB9-7190-470C-AA8F-D2AF9BD46723}.Release|Any CPU.Build.0 = Release|Any CPU
		{B988CB0E-4B26-4FD5-A6F1-B988BD464479}.Debug|Any CPU.ActiveCfg = Debug|Any CPU
		{B988CB0E-4B26-4FD5-A6F1-B988BD464479}.Debug|Any CPU.Build.0 = Debug|Any CPU
		{B988CB0E-4B26-4FD5-A6F1-B988BD464479}.Release|Any CPU.ActiveCfg = Release|Any CPU
		{B988CB0E-4B26-4FD5-A6F1-B988BD464479}.Release|Any CPU.Build.0 = Release|Any CPU
		{16D38378-D364-412A-8059-DE5A7709BC2F}.Debug|Any CPU.ActiveCfg = Debug|Any CPU
		{16D38378-D364-412A-8059-DE5A7709BC2F}.Debug|Any CPU.Build.0 = Debug|Any CPU
		{16D38378-D364-412A-8059-DE5A7709BC2F}.Release|Any CPU.ActiveCfg = Release|Any CPU
		{16D38378-D364-412A-8059-DE5A7709BC2F}.Release|Any CPU.Build.0 = Release|Any CPU
		{9FB9A968-46BD-4AD5-BEC9-96B204369A80}.Debug|Any CPU.ActiveCfg = Debug|Any CPU
		{9FB9A968-46BD-4AD5-BEC9-96B204369A80}.Debug|Any CPU.Build.0 = Debug|Any CPU
		{9FB9A968-46BD-4AD5-BEC9-96B204369A80}.Release|Any CPU.ActiveCfg = Release|Any CPU
		{9FB9A968-46BD-4AD5-BEC9-96B204369A80}.Release|Any CPU.Build.0 = Release|Any CPU
		{A065C78B-23A1-41A3-AE84-DD2637088522}.Debug|Any CPU.ActiveCfg = Debug|Any CPU
		{A065C78B-23A1-41A3-AE84-DD2637088522}.Debug|Any CPU.Build.0 = Debug|Any CPU
		{A065C78B-23A1-41A3-AE84-DD2637088522}.Release|Any CPU.ActiveCfg = Release|Any CPU
		{A065C78B-23A1-41A3-AE84-DD2637088522}.Release|Any CPU.Build.0 = Release|Any CPU
	EndGlobalSection
	GlobalSection(SolutionProperties) = preSolution
		HideSolutionNode = FALSE
	EndGlobalSection
	GlobalSection(ExtensibilityGlobals) = postSolution
		SolutionGuid = {23FE9E7B-5940-46F9-9436-9BEE9EDEBDAD}
	EndGlobalSection
EndGlobal
